
Microsoft Visual Studio Solution File, Format Version 12.00
# Visual Studio Express 2012 for Web
Project("{E24C65DC-7377-472B-9ABA-BC803B73C61A}") = "IMDBurger", "http://localhost:57007", "{3DE4F735-F87E-4E45-96A7-43A7FD1D6A00}"
	ProjectSection(WebsiteProperties) = preProject
		UseIISExpress = "true"
		TargetFrameworkMoniker = ".NETFramework,Version%3Dv4.5"
		Debug.AspNetCompiler.VirtualPath = "/localhost_57007"
		Debug.AspNetCompiler.PhysicalPath = "..\..\documents\visual studio 2012\WebSites\IMDBurger\"
		Debug.AspNetCompiler.TargetPath = "PrecompiledWeb\localhost_57007\"
		Debug.AspNetCompiler.Updateable = "true"
		Debug.AspNetCompiler.ForceOverwrite = "true"
		Debug.AspNetCompiler.FixedNames = "false"
		Debug.AspNetCompiler.Debug = "True"
		Release.AspNetCompiler.VirtualPath = "/localhost_57007"
		Release.AspNetCompiler.PhysicalPath = "..\..\documents\visual studio 2012\WebSites\IMDBurger\"
		Release.AspNetCompiler.TargetPath = "PrecompiledWeb\localhost_57007\"
		Release.AspNetCompiler.Updateable = "true"
		Release.AspNetCompiler.ForceOverwrite = "true"
		Release.AspNetCompiler.FixedNames = "false"
		Release.AspNetCompiler.Debug = "False"
		SlnRelativePath = "..\..\documents\visual studio 2012\WebSites\IMDBurger\"
		DefaultWebSiteLanguage = "Visual C#"
	EndProjectSection
EndProject
Global
	GlobalSection(SolutionConfigurationPlatforms) = preSolution
		Debug|Any CPU = Debug|Any CPU
	EndGlobalSection
	GlobalSection(ProjectConfigurationPlatforms) = postSolution
		{3DE4F735-F87E-4E45-96A7-43A7FD1D6A00}.Debug|Any CPU.ActiveCfg = Debug|Any CPU
		{3DE4F735-F87E-4E45-96A7-43A7FD1D6A00}.Debug|Any CPU.Build.0 = Debug|Any CPU
	EndGlobalSection
	GlobalSection(SolutionProperties) = preSolution
		HideSolutionNode = FALSE
	EndGlobalSection
EndGlobal
